
Microsoft Visual Studio Solution File, Format Version 12.00
# Visual Studio Version 17
VisualStudioVersion = 17.10.34928.147
MinimumVisualStudioVersion = 10.0.40219.1
Project("{FAE04EC0-301F-11D3-BF4B-00C04F79EFBC}") = "Задачи по функциям", "Задачи по функциям\Задачи по функциям.csproj", "{3D2DC5D3-1564-4967-9367-3E8DC409EB56}"
EndProject
Global
	GlobalSection(SolutionConfigurationPlatforms) = preSolution
		Debug|Any CPU = Debug|Any CPU
		Release|Any CPU = Release|Any CPU
	EndGlobalSection
	GlobalSection(ProjectConfigurationPlatforms) = postSolution
		{3D2DC5D3-1564-4967-9367-3E8DC409EB56}.Debug|Any CPU.ActiveCfg = Debug|Any CPU
		{3D2DC5D3-1564-4967-9367-3E8DC409EB56}.Debug|Any CPU.Build.0 = Debug|Any CPU
		{3D2DC5D3-1564-4967-9367-3E8DC409EB56}.Release|Any CPU.ActiveCfg = Release|Any CPU
		{3D2DC5D3-1564-4967-9367-3E8DC409EB56}.Release|Any CPU.Build.0 = Release|Any CPU
	EndGlobalSection
	GlobalSection(SolutionProperties) = preSolution
		HideSolutionNode = FALSE
	EndGlobalSection
	GlobalSection(ExtensibilityGlobals) = postSolution
		SolutionGuid = {98E37CA0-69B0-4358-9331-02494B4F5D69}
	EndGlobalSection
EndGlobal
